
Microsoft Visual Studio Solution File, Format Version 12.00
# Visual Studio Version 17
VisualStudioVersion = 17.1.32328.378
MinimumVisualStudioVersion = 10.0.40219.1
Project("{FAE04EC0-301F-11D3-BF4B-00C04F79EFBC}") = "Listener", "Listener\Listener.csproj", "{27939175-4DFA-4E40-B450-EC38A4017452}"
EndProject
Project("{FAE04EC0-301F-11D3-BF4B-00C04F79EFBC}") = "Client", "Client\Client.csproj", "{7E28F881-575B-4A18-9133-98DBA488E970}"
EndProject
Global
	GlobalSection(SolutionConfigurationPlatforms) = preSolution
		Debug|Any CPU = Debug|Any CPU
		Release|Any CPU = Release|Any CPU
	EndGlobalSection
	GlobalSection(ProjectConfigurationPlatforms) = postSolution
		{27939175-4DFA-4E40-B450-EC38A4017452}.Debug|Any CPU.ActiveCfg = Debug|Any CPU
		{27939175-4DFA-4E40-B450-EC38A4017452}.Debug|Any CPU.Build.0 = Debug|Any CPU
		{27939175-4DFA-4E40-B450-EC38A4017452}.Release|Any CPU.ActiveCfg = Release|Any CPU
		{27939175-4DFA-4E40-B450-EC38A4017452}.Release|Any CPU.Build.0 = Release|Any CPU
		{7E28F881-575B-4A18-9133-98DBA488E970}.Debug|Any CPU.ActiveCfg = Debug|Any CPU
		{7E28F881-575B-4A18-9133-98DBA488E970}.Debug|Any CPU.Build.0 = Debug|Any CPU
		{7E28F881-575B-4A18-9133-98DBA488E970}.Release|Any CPU.ActiveCfg = Release|Any CPU
		{7E28F881-575B-4A18-9133-98DBA488E970}.Release|Any CPU.Build.0 = Release|Any CPU
	EndGlobalSection
	GlobalSection(SolutionProperties) = preSolution
		HideSolutionNode = FALSE
	EndGlobalSection
	GlobalSection(ExtensibilityGlobals) = postSolution
		SolutionGuid = {AC172691-AF0B-4059-BBB0-4FBD46D9661A}
	EndGlobalSection
EndGlobal
